
Microsoft Visual Studio Solution File, Format Version 12.00
# Visual Studio 2013
VisualStudioVersion = 12.0.30723.0
MinimumVisualStudioVersion = 10.0.40219.1
Project("{FAE04EC0-301F-11D3-BF4B-00C04F79EFBC}") = "arduino_serial_comm_sql", "arduino_serial_comm_sql\arduino_serial_comm_sql.csproj", "{4ABCD9C2-27F4-4E4A-9282-4AC9572384CB}"
EndProject
Global
	GlobalSection(SolutionConfigurationPlatforms) = preSolution
		Debug|Any CPU = Debug|Any CPU
		Release|Any CPU = Release|Any CPU
	EndGlobalSection
	GlobalSection(ProjectConfigurationPlatforms) = postSolution
		{4ABCD9C2-27F4-4E4A-9282-4AC9572384CB}.Debug|Any CPU.ActiveCfg = Debug|Any CPU
		{4ABCD9C2-27F4-4E4A-9282-4AC9572384CB}.Debug|Any CPU.Build.0 = Debug|Any CPU
		{4ABCD9C2-27F4-4E4A-9282-4AC9572384CB}.Release|Any CPU.ActiveCfg = Release|Any CPU
		{4ABCD9C2-27F4-4E4A-9282-4AC9572384CB}.Release|Any CPU.Build.0 = Release|Any CPU
	EndGlobalSection
	GlobalSection(SolutionProperties) = preSolution
		HideSolutionNode = FALSE
	EndGlobalSection
EndGlobal
